// !$*UTF8*$!
{
	archiveVersion = 1;
	classes = {
	};
	objectVersion = 50;
	objects = {

/* Begin PBXBuildFile section */
		5FCB959424CBD55B00AF7A62 /* AppDelegate.swift in Sources */ = {isa = PBXBuildFile; fileRef = 5FCB959324CBD55B00AF7A62 /* AppDelegate.swift */; };
		5FCB959624CBD55B00AF7A62 /* SceneDelegate.swift in Sources */ = {isa = PBXBuildFile; fileRef = 5FCB959524CBD55B00AF7A62 /* SceneDelegate.swift */; };
		5FCB959824CBD55B00AF7A62 /* ViewController.swift in Sources */ = {isa = PBXBuildFile; fileRef = 5FCB959724CBD55B00AF7A62 /* ViewController.swift */; };
		5FCB959B24CBD55B00AF7A62 /* Main.storyboard in Resources */ = {isa = PBXBuildFile; fileRef = 5FCB959924CBD55B00AF7A62 /* Main.storyboard */; };
		5FCB959E24CBD55B00AF7A62 /* TaskManager.xcdatamodeld in Sources */ = {isa = PBXBuildFile; fileRef = 5FCB959C24CBD55B00AF7A62 /* TaskManager.xcdatamodeld */; };
		5FCB95A024CBD55B00AF7A62 /* Assets.xcassets in Resources */ = {isa = PBXBuildFile; fileRef = 5FCB959F24CBD55B00AF7A62 /* Assets.xcassets */; };
		5FCB95A324CBD55B00AF7A62 /* LaunchScreen.storyboard in Resources */ = {isa = PBXBuildFile; fileRef = 5FCB95A124CBD55B00AF7A62 /* LaunchScreen.storyboard */; };
		5FCB95AE24CBD55C00AF7A62 /* TaskManagerTests.swift in Sources */ = {isa = PBXBuildFile; fileRef = 5FCB95AD24CBD55C00AF7A62 /* TaskManagerTests.swift */; };
		5FCB95B924CBD55C00AF7A62 /* TaskManagerUITests.swift in Sources */ = {isa = PBXBuildFile; fileRef = 5FCB95B824CBD55C00AF7A62 /* TaskManagerUITests.swift */; };
/* End PBXBuildFile section */

/* Begin PBXContainerItemProxy section */
		5FCB95AA24CBD55C00AF7A62 /* PBXContainerItemProxy */ = {
			isa = PBXContainerItemProxy;
			containerPortal = 5FCB958824CBD55B00AF7A62 /* Project object */;
			proxyType = 1;
			remoteGlobalIDString = 5FCB958F24CBD55B00AF7A62;
			remoteInfo = TaskManager;
		};
		5FCB95B524CBD55C00AF7A62 /* PBXContainerItemProxy */ = {
			isa = PBXContainerItemProxy;
			containerPortal = 5FCB958824CBD55B00AF7A62 /* Project object */;
			proxyType = 1;
			remoteGlobalIDString = 5FCB958F24CBD55B00AF7A62;
			remoteInfo = TaskManager;
		};
/* End PBXContainerItemProxy section */

/* Begin PBXFileReference section */
		5FCB959024CBD55B00AF7A62 /* TaskManager.app */ = {isa = PBXFileReference; explicitFileType = wrapper.application; includeInIndex = 0; path = TaskManager.app; sourceTree = BUILT_PRODUCTS_DIR; };
		5FCB959324CBD55B00AF7A62 /* AppDelegate.swift */ = {isa = PBXFileReference; lastKnownFileType = sourcecode.swift; path = AppDelegate.swift; sourceTree = "<group>"; };
		5FCB959524CBD55B00AF7A62 /* SceneDelegate.swift */ = {isa = PBXFileReference; lastKnownFileType = sourcecode.swift; path = SceneDelegate.swift; sourceTree = "<group>"; };
		5FCB959724CBD55B00AF7A62 /* ViewController.swift */ = {isa = PBXFileReference; lastKnownFileType = sourcecode.swift; path = ViewController.swift; sourceTree = "<group>"; };
		5FCB959A24CBD55B00AF7A62 /* Base */ = {isa = PBXFileReference; lastKnownFileType = file.storyboard; name = Base; path = Base.lproj/Main.storyboard; sourceTree = "<group>"; };
		5FCB959D24CBD55B00AF7A62 /* TaskManager.xcdatamodel */ = {isa = PBXFileReference; lastKnownFileType = wrapper.xcdatamodel; path = TaskManager.xcdatamodel; sourceTree = "<group>"; };
		5FCB959F24CBD55B00AF7A62 /* Assets.xcassets */ = {isa = PBXFileReference; lastKnownFileType = folder.assetcatalog; path = Assets.xcassets; sourceTree = "<group>"; };
		5FCB95A224CBD55B00AF7A62 /* Base */ = {isa = PBXFileReference; lastKnownFileType = file.storyboard; name = Base; path = Base.lproj/LaunchScreen.storyboard; sourceTree = "<group>"; };
		5FCB95A424CBD55B00AF7A62 /* Info.plist */ = {isa = PBXFileReference; lastKnownFileType = text.plist.xml; path = Info.plist; sourceTree = "<group>"; };
		5FCB95A924CBD55C00AF7A62 /* TaskManagerTests.xctest */ = {isa = PBXFileReference; explicitFileType = wrapper.cfbundle; includeInIndex = 0; path = TaskManagerTests.xctest; sourceTree = BUILT_PRODUCTS_DIR; };
		5FCB95AD24CBD55C00AF7A62 /* TaskManagerTests.swift */ = {isa = PBXFileReference; lastKnownFileType = sourcecode.swift; path = TaskManagerTests.swift; sourceTree = "<group>"; };
		5FCB95AF24CBD55C00AF7A62 /* Info.plist */ = {isa = PBXFileReference; lastKnownFileType = text.plist.xml; path = Info.plist; sourceTree = "<group>"; };
		5FCB95B424CBD55C00AF7A62 /* TaskManagerUITests.xctest */ = {isa = PBXFileReference; explicitFileType = wrapper.cfbundle; includeInIndex = 0; path = TaskManagerUITests.xctest; sourceTree = BUILT_PRODUCTS_DIR; };
		5FCB95B824CBD55C00AF7A62 /* TaskManagerUITests.swift */ = {isa = PBXFileReference; lastKnownFileType = sourcecode.swift; path = TaskManagerUITests.swift; sourceTree = "<group>"; };
		5FCB95BA24CBD55C00AF7A62 /* Info.plist */ = {isa = PBXFileReference; lastKnownFileType = text.plist.xml; path = Info.plist; sourceTree = "<group>"; };
/* End PBXFileReference section */

/* Begin PBXFrameworksBuildPhase section */
		5FCB958D24CBD55B00AF7A62 /* Frameworks */ = {
			isa = PBXFrameworksBuildPhase;
			buildActionMask = 2147483647;
			files = (
			);
			runOnlyForDeploymentPostprocessing = 0;
		};
		5FCB95A624CBD55C00AF7A62 /* Frameworks */ = {
			isa = PBXFrameworksBuildPhase;
			buildActionMask = 2147483647;
			files = (
			);
			runOnlyForDeploymentPostprocessing = 0;
		};
		5FCB95B124CBD55C00AF7A62 /* Frameworks */ = {
			isa = PBXFrameworksBuildPhase;
			buildActionMask = 2147483647;
			files = (
			);
			runOnlyForDeploymentPostprocessing = 0;
		};
/* End PBXFrameworksBuildPhase section */

/* Begin PBXGroup section */
		5FCB958724CBD55B00AF7A62 = {
			isa = PBXGroup;
			children = (
				5FCB959224CBD55B00AF7A62 /* TaskManager */,
				5FCB95AC24CBD55C00AF7A62 /* TaskManagerTests */,
				5FCB95B724CBD55C00AF7A62 /* TaskManagerUITests */,
				5FCB959124CBD55B00AF7A62 /* Products */,
			);
			sourceTree = "<group>";
		};
		5FCB959124CBD55B00AF7A62 /* Products */ = {
			isa = PBXGroup;
			children = (
				5FCB959024CBD55B00AF7A62 /* TaskManager.app */,
				5FCB95A924CBD55C00AF7A62 /* TaskManagerTests.xctest */,
				5FCB95B424CBD55C00AF7A62 /* TaskManagerUITests.xctest */,
			);
			name = Products;
			sourceTree = "<group>";
		};
		5FCB959224CBD55B00AF7A62 /* TaskManager */ = {
			isa = PBXGroup;
			children = (
				5FCB959324CBD55B00AF7A62 /* AppDelegate.swift */,
				5FCB959524CBD55B00AF7A62 /* SceneDelegate.swift */,
				5FCB959724CBD55B00AF7A62 /* ViewController.swift */,
				5FCB959924CBD55B00AF7A62 /* Main.storyboard */,
				5FCB959F24CBD55B00AF7A62 /* Assets.xcassets */,
				5FCB95A124CBD55B00AF7A62 /* LaunchScreen.storyboard */,
				5FCB95A424CBD55B00AF7A62 /* Info.plist */,
				5FCB959C24CBD55B00AF7A62 /* TaskManager.xcdatamodeld */,
			);
			path = TaskManager;
			sourceTree = "<group>";
		};
		5FCB95AC24CBD55C00AF7A62 /* TaskManagerTests */ = {
			isa = PBXGroup;
			children = (
				5FCB95AD24CBD55C00AF7A62 /* TaskManagerTests.swift */,
				5FCB95AF24CBD55C00AF7A62 /* Info.plist */,
			);
			path = TaskManagerTests;
			sourceTree = "<group>";
		};
		5FCB95B724CBD55C00AF7A62 /* TaskManagerUITests */ = {
			isa = PBXGroup;
			children = (
				5FCB95B824CBD55C00AF7A62 /* TaskManagerUITests.swift */,
				5FCB95BA24CBD55C00AF7A62 /* Info.plist */,
			);
			path = TaskManagerUITests;
			sourceTree = "<group>";
		};
/* End PBXGroup section */

/* Begin PBXNativeTarget section */
		5FCB958F24CBD55B00AF7A62 /* TaskManager */ = {
			isa = PBXNativeTarget;
			buildConfigurationList = 5FCB95BD24CBD55C00AF7A62 /* Build configuration list for PBXNativeTarget "TaskManager" */;
			buildPhases = (
				5FCB958C24CBD55B00AF7A62 /* Sources */,
				5FCB958D24CBD55B00AF7A62 /* Frameworks */,
				5FCB958E24CBD55B00AF7A62 /* Resources */,
			);
			buildRules = (
			);
			dependencies = (
			);
			name = TaskManager;
			productName = TaskManager;
			productReference = 5FCB959024CBD55B00AF7A62 /* TaskManager.app */;
			productType = "com.apple.product-type.application";
		};
		5FCB95A824CBD55C00AF7A62 /* TaskManagerTests */ = {
			isa = PBXNativeTarget;
			buildConfigurationList = 5FCB95C024CBD55C00AF7A62 /* Build configuration list for PBXNativeTarget "TaskManagerTests" */;
			buildPhases = (
				5FCB95A524CBD55C00AF7A62 /* Sources */,
				5FCB95A624CBD55C00AF7A62 /* Frameworks */,
				5FCB95A724CBD55C00AF7A62 /* Resources */,
			);
			buildRules = (
			);
			dependencies = (
				5FCB95AB24CBD55C00AF7A62 /* PBXTargetDependency */,
			);
			name = TaskManagerTests;
			productName = TaskManagerTests;
			productReference = 5FCB95A924CBD55C00AF7A62 /* TaskManagerTests.xctest */;
			productType = "com.apple.product-type.bundle.unit-test";
		};
		5FCB95B324CBD55C00AF7A62 /* TaskManagerUITests */ = {
			isa = PBXNativeTarget;
			buildConfigurationList = 5FCB95C324CBD55C00AF7A62 /* Build configuration list for PBXNativeTarget "TaskManagerUITests" */;
			buildPhases = (
				5FCB95B024CBD55C00AF7A62 /* Sources */,
				5FCB95B124CBD55C00AF7A62 /* Frameworks */,
				5FCB95B224CBD55C00AF7A62 /* Resources */,
			);
			buildRules = (
			);
			dependencies = (
				5FCB95B624CBD55C00AF7A62 /* PBXTargetDependency */,
			);
			name = TaskManagerUITests;
			productName = TaskManagerUITests;
			productReference = 5FCB95B424CBD55C00AF7A62 /* TaskManagerUITests.xctest */;
			productType = "com.apple.product-type.bundle.ui-testing";
		};
/* End PBXNativeTarget section */

/* Begin PBXProject section */
		5FCB958824CBD55B00AF7A62 /* Project object */ = {
			isa = PBXProject;
			attributes = {
				LastSwiftUpdateCheck = 1150;
				LastUpgradeCheck = 1150;
				ORGANIZATIONNAME = "Jessica Murphey";
				TargetAttributes = {
					5FCB958F24CBD55B00AF7A62 = {
						CreatedOnToolsVersion = 11.5;
					};
					5FCB95A824CBD55C00AF7A62 = {
						CreatedOnToolsVersion = 11.5;
						TestTargetID = 5FCB958F24CBD55B00AF7A62;
					};
					5FCB95B324CBD55C00AF7A62 = {
						CreatedOnToolsVersion = 11.5;
						TestTargetID = 5FCB958F24CBD55B00AF7A62;
					};
				};
			};
			buildConfigurationList = 5FCB958B24CBD55B00AF7A62 /* Build configuration list for PBXProject "TaskManager" */;
			compatibilityVersion = "Xcode 9.3";
			developmentRegion = en;
			hasScannedForEncodings = 0;
			knownRegions = (
				en,
				Base,
			);
			mainGroup = 5FCB958724CBD55B00AF7A62;
			productRefGroup = 5FCB959124CBD55B00AF7A62 /* Products */;
			projectDirPath = "";
			projectRoot = "";
			targets = (
				5FCB958F24CBD55B00AF7A62 /* TaskManager */,
				5FCB95A824CBD55C00AF7A62 /* TaskManagerTests */,
				5FCB95B324CBD55C00AF7A62 /* TaskManagerUITests */,
			);
		};
/* End PBXProject section */

/* Begin PBXResourcesBuildPhase section */
		5FCB958E24CBD55B00AF7A62 /* Resources */ = {
			isa = PBXResourcesBuildPhase;
			buildActionMask = 2147483647;
			files = (
				5FCB95A324CBD55B00AF7A62 /* LaunchScreen.storyboard in Resources */,
				5FCB95A024CBD55B00AF7A62 /* Assets.xcassets in Resources */,
				5FCB959B24CBD55B00AF7A62 /* Main.storyboard in Resources */,
			);
			runOnlyForDeploymentPostprocessing = 0;
		};
		5FCB95A724CBD55C00AF7A62 /* Resources */ = {
			isa = PBXResourcesBuildPhase;
			buildActionMask = 2147483647;
			files = (
			);
			runOnlyForDeploymentPostprocessing = 0;
		};
		5FCB95B224CBD55C00AF7A62 /* Resources */ = {
			isa = PBXResourcesBuildPhase;
			buildActionMask = 2147483647;
			files = (
			);
			runOnlyForDeploymentPostprocessing = 0;
		};
/* End PBXResourcesBuildPhase section */

/* Begin PBXSourcesBuildPhase section */
		5FCB958C24CBD55B00AF7A62 /* Sources */ = {
			isa = PBXSourcesBuildPhase;
			buildActionMask = 2147483647;
			files = (
				5FCB959824CBD55B00AF7A62 /* ViewController.swift in Sources */,
				5FCB959424CBD55B00AF7A62 /* AppDelegate.swift in Sources */,
				5FCB959E24CBD55B00AF7A62 /* TaskManager.xcdatamodeld in Sources */,
				5FCB959624CBD55B00AF7A62 /* SceneDelegate.swift in Sources */,
			);
			runOnlyForDeploymentPostprocessing = 0;
		};
		5FCB95A524CBD55C00AF7A62 /* Sources */ = {
			isa = PBXSourcesBuildPhase;
			buildActionMask = 2147483647;
			files = (
				5FCB95AE24CBD55C00AF7A62 /* TaskManagerTests.swift in Sources */,
			);
			runOnlyForDeploymentPostprocessing = 0;
		};
		5FCB95B024CBD55C00AF7A62 /* Sources */ = {
			isa = PBXSourcesBuildPhase;
			buildActionMask = 2147483647;
			files = (
				5FCB95B924CBD55C00AF7A62 /* TaskManagerUITests.swift in Sources */,
			);
			runOnlyForDeploymentPostprocessing = 0;
		};
/* End PBXSourcesBuildPhase section */

/* Begin PBXTargetDependency section */
		5FCB95AB24CBD55C00AF7A62 /* PBXTargetDependency */ = {
			isa = PBXTargetDependency;
			target = 5FCB958F24CBD55B00AF7A62 /* TaskManager */;
			targetProxy = 5FCB95AA24CBD55C00AF7A62 /* PBXContainerItemProxy */;
		};
		5FCB95B624CBD55C00AF7A62 /* PBXTargetDependency */ = {
			isa = PBXTargetDependency;
			target = 5FCB958F24CBD55B00AF7A62 /* TaskManager */;
			targetProxy = 5FCB95B524CBD55C00AF7A62 /* PBXContainerItemProxy */;
		};
/* End PBXTargetDependency section */

/* Begin PBXVariantGroup section */
		5FCB959924CBD55B00AF7A62 /* Main.storyboard */ = {
			isa = PBXVariantGroup;
			children = (
				5FCB959A24CBD55B00AF7A62 /* Base */,
			);
			name = Main.storyboard;
			sourceTree = "<group>";
		};
		5FCB95A124CBD55B00AF7A62 /* LaunchScreen.storyboard */ = {
			isa = PBXVariantGroup;
			children = (
				5FCB95A224CBD55B00AF7A62 /* Base */,
			);
			name = LaunchScreen.storyboard;
			sourceTree = "<group>";
		};
/* End PBXVariantGroup section */

/* Begin XCBuildConfiguration section */
		5FCB95BB24CBD55C00AF7A62 /* Debug */ = {
			isa = XCBuildConfiguration;
			buildSettings = {
				ALWAYS_SEARCH_USER_PATHS = NO;
				CLANG_ANALYZER_NONNULL = YES;
				CLANG_ANALYZER_NUMBER_OBJECT_CONVERSION = YES_AGGRESSIVE;
				CLANG_CXX_LANGUAGE_STANDARD = "gnu++14";
				CLANG_CXX_LIBRARY = "libc++";
				CLANG_ENABLE_MODULES = YES;
				CLANG_ENABLE_OBJC_ARC = YES;
				CLANG_ENABLE_OBJC_WEAK = YES;
				CLANG_WARN_BLOCK_CAPTURE_AUTORELEASING = YES;
				CLANG_WARN_BOOL_CONVERSION = YES;
				CLANG_WARN_COMMA = YES;
				CLANG_WARN_CONSTANT_CONVERSION = YES;
				CLANG_WARN_DEPRECATED_OBJC_IMPLEMENTATIONS = YES;
				CLANG_WARN_DIRECT_OBJC_ISA_USAGE = YES_ERROR;
				CLANG_WARN_DOCUMENTATION_COMMENTS = YES;
				CLANG_WARN_EMPTY_BODY = YES;
				CLANG_WARN_ENUM_CONVERSION = YES;
				CLANG_WARN_INFINITE_RECURSION = YES;
				CLANG_WARN_INT_CONVERSION = YES;
				CLANG_WARN_NON_LITERAL_NULL_CONVERSION = YES;
				CLANG_WARN_OBJC_IMPLICIT_RETAIN_SELF = YES;
				CLANG_WARN_OBJC_LITERAL_CONVERSION = YES;
				CLANG_WARN_OBJC_ROOT_CLASS = YES_ERROR;
				CLANG_WARN_RANGE_LOOP_ANALYSIS = YES;
				CLANG_WARN_STRICT_PROTOTYPES = YES;
				CLANG_WARN_SUSPICIOUS_MOVE = YES;
				CLANG_WARN_UNGUARDED_AVAILABILITY = YES_AGGRESSIVE;
				CLANG_WARN_UNREACHABLE_CODE = YES;
				CLANG_WARN__DUPLICATE_METHOD_MATCH = YES;
				COPY_PHASE_STRIP = NO;
				DEBUG_INFORMATION_FORMAT = dwarf;
				ENABLE_STRICT_OBJC_MSGSEND = YES;
				ENABLE_TESTABILITY = YES;
				GCC_C_LANGUAGE_STANDARD = gnu11;
				GCC_DYNAMIC_NO_PIC = NO;
				GCC_NO_COMMON_BLOCKS = YES;
				GCC_OPTIMIZATION_LEVEL = 0;
				GCC_PREPROCESSOR_DEFINITIONS = (
					"DEBUG=1",
					"$(inherited)",
				);
				GCC_WARN_64_TO_32_BIT_CONVERSION = YES;
				GCC_WARN_ABOUT_RETURN_TYPE = YES_ERROR;
				GCC_WARN_UNDECLARED_SELECTOR = YES;
				GCC_WARN_UNINITIALIZED_AUTOS = YES_AGGRESSIVE;
				GCC_WARN_UNUSED_FUNCTION = YES;
				GCC_WARN_UNUSED_VARIABLE = YES;
				IPHONEOS_DEPLOYMENT_TARGET = 13.5;
				MTL_ENABLE_DEBUG_INFO = INCLUDE_SOURCE;
				MTL_FAST_MATH = YES;
				ONLY_ACTIVE_ARCH = YES;
				SDKROOT = iphoneos;
				SWIFT_ACTIVE_COMPILATION_CONDITIONS = DEBUG;
				SWIFT_OPTIMIZATION_LEVEL = "-Onone";
			};
			name = Debug;
		};
		5FCB95BC24CBD55C00AF7A62 /* Release */ = {
			isa = XCBuildConfiguration;
			buildSettings = {
				ALWAYS_SEARCH_USER_PATHS = NO;
				CLANG_ANALYZER_NONNULL = YES;
				CLANG_ANALYZER_NUMBER_OBJECT_CONVERSION = YES_AGGRESSIVE;
				CLANG_CXX_LANGUAGE_STANDARD = "gnu++14";
				CLANG_CXX_LIBRARY = "libc++";
				CLANG_ENABLE_MODULES = YES;
				CLANG_ENABLE_OBJC_ARC = YES;
				CLANG_ENABLE_OBJC_WEAK = YES;
				CLANG_WARN_BLOCK_CAPTURE_AUTORELEASING = YES;
				CLANG_WARN_BOOL_CONVERSION = YES;
				CLANG_WARN_COMMA = YES;
				CLANG_WARN_CONSTANT_CONVERSION = YES;
				CLANG_WARN_DEPRECATED_OBJC_IMPLEMENTATIONS = YES;
				CLANG_WARN_DIRECT_OBJC_ISA_USAGE = YES_ERROR;
				CLANG_WARN_DOCUMENTATION_COMMENTS = YES;
				CLANG_WARN_EMPTY_BODY = YES;
				CLANG_WARN_ENUM_CONVERSION = YES;
				CLANG_WARN_INFINITE_RECURSION = YES;
				CLANG_WARN_INT_CONVERSION = YES;
				CLANG_WARN_NON_LITERAL_NULL_CONVERSION = YES;
				CLANG_WARN_OBJC_IMPLICIT_RETAIN_SELF = YES;
				CLANG_WARN_OBJC_LITERAL_CONVERSION = YES;
				CLANG_WARN_OBJC_ROOT_CLASS = YES_ERROR;
				CLANG_WARN_RANGE_LOOP_ANALYSIS = YES;
				CLANG_WARN_STRICT_PROTOTYPES = YES;
				CLANG_WARN_SUSPICIOUS_MOVE = YES;
				CLANG_WARN_UNGUARDED_AVAILABILITY = YES_AGGRESSIVE;
				CLANG_WARN_UNREACHABLE_CODE = YES;
				CLANG_WARN__DUPLICATE_METHOD_MATCH = YES;
				COPY_PHASE_STRIP = NO;
				DEBUG_INFORMATION_FORMAT = "dwarf-with-dsym";
				ENABLE_NS_ASSERTIONS = NO;
				ENABLE_STRICT_OBJC_MSGSEND = YES;
				GCC_C_LANGUAGE_STANDARD = gnu11;
				GCC_NO_COMMON_BLOCKS = YES;
				GCC_WARN_64_TO_32_BIT_CONVERSION = YES;
				GCC_WARN_ABOUT_RETURN_TYPE = YES_ERROR;
				GCC_WARN_UNDECLARED_SELECTOR = YES;
				GCC_WARN_UNINITIALIZED_AUTOS = YES_AGGRESSIVE;
				GCC_WARN_UNUSED_FUNCTION = YES;
				GCC_WARN_UNUSED_VARIABLE = YES;
				IPHONEOS_DEPLOYMENT_TARGET = 13.5;
				MTL_ENABLE_DEBUG_INFO = NO;
				MTL_FAST_MATH = YES;
				SDKROOT = iphoneos;
				SWIFT_COMPILATION_MODE = wholemodule;
				SWIFT_OPTIMIZATION_LEVEL = "-O";
				VALIDATE_PRODUCT = YES;
			};
			name = Release;
		};
		5FCB95BE24CBD55C00AF7A62 /* Debug */ = {
			isa = XCBuildConfiguration;
			buildSettings = {
				ASSETCATALOG_COMPILER_APPICON_NAME = AppIcon;
				CODE_SIGN_STYLE = Automatic;
				INFOPLIST_FILE = TaskManager/Info.plist;
				LD_RUNPATH_SEARCH_PATHS = (
					"$(inherited)",
					"@executable_path/Frameworks",
				);
				PRODUCT_BUNDLE_IDENTIFIER = jcmq6b.TaskManager;
				PRODUCT_NAME = "$(TARGET_NAME)";
				SWIFT_VERSION = 5.0;
				TARGETED_DEVICE_FAMILY = "1,2";
			};
			name = Debug;
		};
		5FCB95BF24CBD55C00AF7A62 /* Release */ = {
			isa = XCBuildConfiguration;
			buildSettings = {
				ASSETCATALOG_COMPILER_APPICON_NAME = AppIcon;
				CODE_SIGN_STYLE = Automatic;
				INFOPLIST_FILE = TaskManager/Info.plist;
				LD_RUNPATH_SEARCH_PATHS = (
					"$(inherited)",
					"@executable_path/Frameworks",
				);
				PRODUCT_BUNDLE_IDENTIFIER = jcmq6b.TaskManager;
				PRODUCT_NAME = "$(TARGET_NAME)";
				SWIFT_VERSION = 5.0;
				TARGETED_DEVICE_FAMILY = "1,2";
			};
			name = Release;
		};
		5FCB95C124CBD55C00AF7A62 /* Debug */ = {
			isa = XCBuildConfiguration;
			buildSettings = {
				ALWAYS_EMBED_SWIFT_STANDARD_LIBRARIES = YES;
				BUNDLE_LOADER = "$(TEST_HOST)";
				CODE_SIGN_STYLE = Automatic;
				INFOPLIST_FILE = TaskManagerTests/Info.plist;
				IPHONEOS_DEPLOYMENT_TARGET = 13.5;
				LD_RUNPATH_SEARCH_PATHS = (
					"$(inherited)",
					"@executable_path/Frameworks",
					"@loader_path/Frameworks",
				);
				PRODUCT_BUNDLE_IDENTIFIER = jcmq6b.TaskManagerTests;
				PRODUCT_NAME = "$(TARGET_NAME)";
				SWIFT_VERSION = 5.0;
				TARGETED_DEVICE_FAMILY = "1,2";
				TEST_HOST = "$(BUILT_PRODUCTS_DIR)/TaskManager.app/TaskManager";
			};
			name = Debug;
		};
		5FCB95C224CBD55C00AF7A62 /* Release */ = {
			isa = XCBuildConfiguration;
			buildSettings = {
				ALWAYS_EMBED_SWIFT_STANDARD_LIBRARIES = YES;
				BUNDLE_LOADER = "$(TEST_HOST)";
				CODE_SIGN_STYLE = Automatic;
				INFOPLIST_FILE = TaskManagerTests/Info.plist;
				IPHONEOS_DEPLOYMENT_TARGET = 13.5;
				LD_RUNPATH_SEARCH_PATHS = (
					"$(inherited)",
					"@executable_path/Frameworks",
					"@loader_path/Frameworks",
				);
				PRODUCT_BUNDLE_IDENTIFIER = jcmq6b.TaskManagerTests;
				PRODUCT_NAME = "$(TARGET_NAME)";
				SWIFT_VERSION = 5.0;
				TARGETED_DEVICE_FAMILY = "1,2";
				TEST_HOST = "$(BUILT_PRODUCTS_DIR)/TaskManager.app/TaskManager";
			};
			name = Release;
		};
		5FCB95C424CBD55C00AF7A62 /* Debug */ = {
			isa = XCBuildConfiguration;
			buildSettings = {
				ALWAYS_EMBED_SWIFT_STANDARD_LIBRARIES = YES;
				CODE_SIGN_STYLE = Automatic;
				INFOPLIST_FILE = TaskManagerUITests/Info.plist;
				LD_RUNPATH_SEARCH_PATHS = (
					"$(inherited)",
					"@executable_path/Frameworks",
					"@loader_path/Frameworks",
				);
				PRODUCT_BUNDLE_IDENTIFIER = jcmq6b.TaskManagerUITests;
				PRODUCT_NAME = "$(TARGET_NAME)";
				SWIFT_VERSION = 5.0;
				TARGETED_DEVICE_FAMILY = "1,2";
				TEST_TARGET_NAME = TaskManager;
			};
			name = Debug;
		};
		5FCB95C524CBD55C00AF7A62 /* Release */ = {
			isa = XCBuildConfiguration;
			buildSettings = {
				ALWAYS_EMBED_SWIFT_STANDARD_LIBRARIES = YES;
				CODE_SIGN_STYLE = Automatic;
				INFOPLIST_FILE = TaskManagerUITests/Info.plist;
				LD_RUNPATH_SEARCH_PATHS = (
					"$(inherited)",
					"@executable_path/Frameworks",
					"@loader_path/Frameworks",
				);
				PRODUCT_BUNDLE_IDENTIFIER = jcmq6b.TaskManagerUITests;
				PRODUCT_NAME = "$(TARGET_NAME)";
				SWIFT_VERSION = 5.0;
				TARGETED_DEVICE_FAMILY = "1,2";
				TEST_TARGET_NAME = TaskManager;
			};
			name = Release;
		};
/* End XCBuildConfiguration section */

/* Begin XCConfigurationList section */
		5FCB958B24CBD55B00AF7A62 /* Build configuration list for PBXProject "TaskManager" */ = {
			isa = XCConfigurationList;
			buildConfigurations = (
				5FCB95BB24CBD55C00AF7A62 /* Debug */,
				5FCB95BC24CBD55C00AF7A62 /* Release */,
			);
			defaultConfigurationIsVisible = 0;
			defaultConfigurationName = Release;
		};
		5FCB95BD24CBD55C00AF7A62 /* Build configuration list for PBXNativeTarget "TaskManager" */ = {
			isa = XCConfigurationList;
			buildConfigurations = (
				5FCB95BE24CBD55C00AF7A62 /* Debug */,
				5FCB95BF24CBD55C00AF7A62 /* Release */,
			);
			defaultConfigurationIsVisible = 0;
			defaultConfigurationName = Release;
		};
		5FCB95C024CBD55C00AF7A62 /* Build configuration list for PBXNativeTarget "TaskManagerTests" */ = {
			isa = XCConfigurationList;
			buildConfigurations = (
				5FCB95C124CBD55C00AF7A62 /* Debug */,
				5FCB95C224CBD55C00AF7A62 /* Release */,
			);
			defaultConfigurationIsVisible = 0;
			defaultConfigurationName = Release;
		};
		5FCB95C324CBD55C00AF7A62 /* Build configuration list for PBXNativeTarget "TaskManagerUITests" */ = {
			isa = XCConfigurationList;
			buildConfigurations = (
				5FCB95C424CBD55C00AF7A62 /* Debug */,
				5FCB95C524CBD55C00AF7A62 /* Release */,
			);
			defaultConfigurationIsVisible = 0;
			defaultConfigurationName = Release;
		};
/* End XCConfigurationList section */

/* Begin XCVersionGroup section */
		5FCB959C24CBD55B00AF7A62 /* TaskManager.xcdatamodeld */ = {
			isa = XCVersionGroup;
			children = (
				5FCB959D24CBD55B00AF7A62 /* TaskManager.xcdatamodel */,
			);
			currentVersion = 5FCB959D24CBD55B00AF7A62 /* TaskManager.xcdatamodel */;
			path = TaskManager.xcdatamodeld;
			sourceTree = "<group>";
			versionGroupType = wrapper.xcdatamodel;
		};
/* End XCVersionGroup section */
	};
	rootObject = 5FCB958824CBD55B00AF7A62 /* Project object */;
}
