// !$*UTF8*$!
{
	archiveVersion = 1;
	classes = {
	};
	objectVersion = 50;
	objects = {

/* Begin PBXBuildFile section */
		5F98A89324B0193900723E9E /* AppDelegate.swift in Sources */ = {isa = PBXBuildFile; fileRef = 5F98A89224B0193900723E9E /* AppDelegate.swift */; };
		5F98A89524B0193900723E9E /* SceneDelegate.swift in Sources */ = {isa = PBXBuildFile; fileRef = 5F98A89424B0193900723E9E /* SceneDelegate.swift */; };
		5F98A89A24B0193900723E9E /* Main.storyboard in Resources */ = {isa = PBXBuildFile; fileRef = 5F98A89824B0193900723E9E /* Main.storyboard */; };
		5F98A89C24B0193900723E9E /* Assets.xcassets in Resources */ = {isa = PBXBuildFile; fileRef = 5F98A89B24B0193900723E9E /* Assets.xcassets */; };
		5F98A89F24B0193900723E9E /* LaunchScreen.storyboard in Resources */ = {isa = PBXBuildFile; fileRef = 5F98A89D24B0193900723E9E /* LaunchScreen.storyboard */; };
		5F98A8AA24B0193900723E9E /* ColorsTests.swift in Sources */ = {isa = PBXBuildFile; fileRef = 5F98A8A924B0193900723E9E /* ColorsTests.swift */; };
		5F98A8B524B0193900723E9E /* ColorsUITests.swift in Sources */ = {isa = PBXBuildFile; fileRef = 5F98A8B424B0193900723E9E /* ColorsUITests.swift */; };
		5F98A8C324B0195C00723E9E /* ColorsViewController.swift in Sources */ = {isa = PBXBuildFile; fileRef = 5F98A8C224B0195C00723E9E /* ColorsViewController.swift */; };
		5FCB95C724D2385800AF7A62 /* Color.swift in Sources */ = {isa = PBXBuildFile; fileRef = 5FCB95C624D2385800AF7A62 /* Color.swift */; };
		5FCB95C924D23D0100AF7A62 /* ColorDetailViewController.swift in Sources */ = {isa = PBXBuildFile; fileRef = 5FCB95C824D23D0100AF7A62 /* ColorDetailViewController.swift */; };
/* End PBXBuildFile section */

/* Begin PBXContainerItemProxy section */
		5F98A8A624B0193900723E9E /* PBXContainerItemProxy */ = {
			isa = PBXContainerItemProxy;
			containerPortal = 5F98A88724B0193800723E9E /* Project object */;
			proxyType = 1;
			remoteGlobalIDString = 5F98A88E24B0193900723E9E;
			remoteInfo = Colors;
		};
		5F98A8B124B0193900723E9E /* PBXContainerItemProxy */ = {
			isa = PBXContainerItemProxy;
			containerPortal = 5F98A88724B0193800723E9E /* Project object */;
			proxyType = 1;
			remoteGlobalIDString = 5F98A88E24B0193900723E9E;
			remoteInfo = Colors;
		};
/* End PBXContainerItemProxy section */

/* Begin PBXFileReference section */
		5F98A88F24B0193900723E9E /* Colors.app */ = {isa = PBXFileReference; explicitFileType = wrapper.application; includeInIndex = 0; path = Colors.app; sourceTree = BUILT_PRODUCTS_DIR; };
		5F98A89224B0193900723E9E /* AppDelegate.swift */ = {isa = PBXFileReference; lastKnownFileType = sourcecode.swift; path = AppDelegate.swift; sourceTree = "<group>"; };
		5F98A89424B0193900723E9E /* SceneDelegate.swift */ = {isa = PBXFileReference; lastKnownFileType = sourcecode.swift; path = SceneDelegate.swift; sourceTree = "<group>"; };
		5F98A89924B0193900723E9E /* Base */ = {isa = PBXFileReference; lastKnownFileType = file.storyboard; name = Base; path = Base.lproj/Main.storyboard; sourceTree = "<group>"; };
		5F98A89B24B0193900723E9E /* Assets.xcassets */ = {isa = PBXFileReference; lastKnownFileType = folder.assetcatalog; path = Assets.xcassets; sourceTree = "<group>"; };
		5F98A89E24B0193900723E9E /* Base */ = {isa = PBXFileReference; lastKnownFileType = file.storyboard; name = Base; path = Base.lproj/LaunchScreen.storyboard; sourceTree = "<group>"; };
		5F98A8A024B0193900723E9E /* Info.plist */ = {isa = PBXFileReference; lastKnownFileType = text.plist.xml; path = Info.plist; sourceTree = "<group>"; };
		5F98A8A524B0193900723E9E /* ColorsTests.xctest */ = {isa = PBXFileReference; explicitFileType = wrapper.cfbundle; includeInIndex = 0; path = ColorsTests.xctest; sourceTree = BUILT_PRODUCTS_DIR; };
		5F98A8A924B0193900723E9E /* ColorsTests.swift */ = {isa = PBXFileReference; lastKnownFileType = sourcecode.swift; path = ColorsTests.swift; sourceTree = "<group>"; };
		5F98A8AB24B0193900723E9E /* Info.plist */ = {isa = PBXFileReference; lastKnownFileType = text.plist.xml; path = Info.plist; sourceTree = "<group>"; };
		5F98A8B024B0193900723E9E /* ColorsUITests.xctest */ = {isa = PBXFileReference; explicitFileType = wrapper.cfbundle; includeInIndex = 0; path = ColorsUITests.xctest; sourceTree = BUILT_PRODUCTS_DIR; };
		5F98A8B424B0193900723E9E /* ColorsUITests.swift */ = {isa = PBXFileReference; lastKnownFileType = sourcecode.swift; path = ColorsUITests.swift; sourceTree = "<group>"; };
		5F98A8B624B0193900723E9E /* Info.plist */ = {isa = PBXFileReference; lastKnownFileType = text.plist.xml; path = Info.plist; sourceTree = "<group>"; };
		5F98A8C224B0195C00723E9E /* ColorsViewController.swift */ = {isa = PBXFileReference; lastKnownFileType = sourcecode.swift; path = ColorsViewController.swift; sourceTree = "<group>"; };
		5FCB95C624D2385800AF7A62 /* Color.swift */ = {isa = PBXFileReference; lastKnownFileType = sourcecode.swift; path = Color.swift; sourceTree = "<group>"; };
		5FCB95C824D23D0100AF7A62 /* ColorDetailViewController.swift */ = {isa = PBXFileReference; lastKnownFileType = sourcecode.swift; path = ColorDetailViewController.swift; sourceTree = "<group>"; };
/* End PBXFileReference section */

/* Begin PBXFrameworksBuildPhase section */
		5F98A88C24B0193900723E9E /* Frameworks */ = {
			isa = PBXFrameworksBuildPhase;
			buildActionMask = 2147483647;
			files = (
			);
			runOnlyForDeploymentPostprocessing = 0;
		};
		5F98A8A224B0193900723E9E /* Frameworks */ = {
			isa = PBXFrameworksBuildPhase;
			buildActionMask = 2147483647;
			files = (
			);
			runOnlyForDeploymentPostprocessing = 0;
		};
		5F98A8AD24B0193900723E9E /* Frameworks */ = {
			isa = PBXFrameworksBuildPhase;
			buildActionMask = 2147483647;
			files = (
			);
			runOnlyForDeploymentPostprocessing = 0;
		};
/* End PBXFrameworksBuildPhase section */

/* Begin PBXGroup section */
		5F98A88624B0193800723E9E = {
			isa = PBXGroup;
			children = (
				5F98A89124B0193900723E9E /* Colors */,
				5F98A8A824B0193900723E9E /* ColorsTests */,
				5F98A8B324B0193900723E9E /* ColorsUITests */,
				5F98A89024B0193900723E9E /* Products */,
			);
			sourceTree = "<group>";
		};
		5F98A89024B0193900723E9E /* Products */ = {
			isa = PBXGroup;
			children = (
				5F98A88F24B0193900723E9E /* Colors.app */,
				5F98A8A524B0193900723E9E /* ColorsTests.xctest */,
				5F98A8B024B0193900723E9E /* ColorsUITests.xctest */,
			);
			name = Products;
			sourceTree = "<group>";
		};
		5F98A89124B0193900723E9E /* Colors */ = {
			isa = PBXGroup;
			children = (
				5F98A89224B0193900723E9E /* AppDelegate.swift */,
				5F98A89424B0193900723E9E /* SceneDelegate.swift */,
				5FCB95C824D23D0100AF7A62 /* ColorDetailViewController.swift */,
				5F98A8C224B0195C00723E9E /* ColorsViewController.swift */,
				5F98A89824B0193900723E9E /* Main.storyboard */,
				5F98A89B24B0193900723E9E /* Assets.xcassets */,
				5F98A89D24B0193900723E9E /* LaunchScreen.storyboard */,
				5F98A8A024B0193900723E9E /* Info.plist */,
				5FCB95C624D2385800AF7A62 /* Color.swift */,
			);
			path = Colors;
			sourceTree = "<group>";
		};
		5F98A8A824B0193900723E9E /* ColorsTests */ = {
			isa = PBXGroup;
			children = (
				5F98A8A924B0193900723E9E /* ColorsTests.swift */,
				5F98A8AB24B0193900723E9E /* Info.plist */,
			);
			path = ColorsTests;
			sourceTree = "<group>";
		};
		5F98A8B324B0193900723E9E /* ColorsUITests */ = {
			isa = PBXGroup;
			children = (
				5F98A8B424B0193900723E9E /* ColorsUITests.swift */,
				5F98A8B624B0193900723E9E /* Info.plist */,
			);
			path = ColorsUITests;
			sourceTree = "<group>";
		};
/* End PBXGroup section */

/* Begin PBXNativeTarget section */
		5F98A88E24B0193900723E9E /* Colors */ = {
			isa = PBXNativeTarget;
			buildConfigurationList = 5F98A8B924B0193A00723E9E /* Build configuration list for PBXNativeTarget "Colors" */;
			buildPhases = (
				5F98A88B24B0193900723E9E /* Sources */,
				5F98A88C24B0193900723E9E /* Frameworks */,
				5F98A88D24B0193900723E9E /* Resources */,
			);
			buildRules = (
			);
			dependencies = (
			);
			name = Colors;
			productName = Colors;
			productReference = 5F98A88F24B0193900723E9E /* Colors.app */;
			productType = "com.apple.product-type.application";
		};
		5F98A8A424B0193900723E9E /* ColorsTests */ = {
			isa = PBXNativeTarget;
			buildConfigurationList = 5F98A8BC24B0193A00723E9E /* Build configuration list for PBXNativeTarget "ColorsTests" */;
			buildPhases = (
				5F98A8A124B0193900723E9E /* Sources */,
				5F98A8A224B0193900723E9E /* Frameworks */,
				5F98A8A324B0193900723E9E /* Resources */,
			);
			buildRules = (
			);
			dependencies = (
				5F98A8A724B0193900723E9E /* PBXTargetDependency */,
			);
			name = ColorsTests;
			productName = ColorsTests;
			productReference = 5F98A8A524B0193900723E9E /* ColorsTests.xctest */;
			productType = "com.apple.product-type.bundle.unit-test";
		};
		5F98A8AF24B0193900723E9E /* ColorsUITests */ = {
			isa = PBXNativeTarget;
			buildConfigurationList = 5F98A8BF24B0193A00723E9E /* Build configuration list for PBXNativeTarget "ColorsUITests" */;
			buildPhases = (
				5F98A8AC24B0193900723E9E /* Sources */,
				5F98A8AD24B0193900723E9E /* Frameworks */,
				5F98A8AE24B0193900723E9E /* Resources */,
			);
			buildRules = (
			);
			dependencies = (
				5F98A8B224B0193900723E9E /* PBXTargetDependency */,
			);
			name = ColorsUITests;
			productName = ColorsUITests;
			productReference = 5F98A8B024B0193900723E9E /* ColorsUITests.xctest */;
			productType = "com.apple.product-type.bundle.ui-testing";
		};
/* End PBXNativeTarget section */

/* Begin PBXProject section */
		5F98A88724B0193800723E9E /* Project object */ = {
			isa = PBXProject;
			attributes = {
				LastSwiftUpdateCheck = 1150;
				LastUpgradeCheck = 1150;
				ORGANIZATIONNAME = "Jessica Murphey";
				TargetAttributes = {
					5F98A88E24B0193900723E9E = {
						CreatedOnToolsVersion = 11.5;
					};
					5F98A8A424B0193900723E9E = {
						CreatedOnToolsVersion = 11.5;
						TestTargetID = 5F98A88E24B0193900723E9E;
					};
					5F98A8AF24B0193900723E9E = {
						CreatedOnToolsVersion = 11.5;
						TestTargetID = 5F98A88E24B0193900723E9E;
					};
				};
			};
			buildConfigurationList = 5F98A88A24B0193800723E9E /* Build configuration list for PBXProject "Colors" */;
			compatibilityVersion = "Xcode 9.3";
			developmentRegion = en;
			hasScannedForEncodings = 0;
			knownRegions = (
				en,
				Base,
			);
			mainGroup = 5F98A88624B0193800723E9E;
			productRefGroup = 5F98A89024B0193900723E9E /* Products */;
			projectDirPath = "";
			projectRoot = "";
			targets = (
				5F98A88E24B0193900723E9E /* Colors */,
				5F98A8A424B0193900723E9E /* ColorsTests */,
				5F98A8AF24B0193900723E9E /* ColorsUITests */,
			);
		};
/* End PBXProject section */

/* Begin PBXResourcesBuildPhase section */
		5F98A88D24B0193900723E9E /* Resources */ = {
			isa = PBXResourcesBuildPhase;
			buildActionMask = 2147483647;
			files = (
				5F98A89F24B0193900723E9E /* LaunchScreen.storyboard in Resources */,
				5F98A89C24B0193900723E9E /* Assets.xcassets in Resources */,
				5F98A89A24B0193900723E9E /* Main.storyboard in Resources */,
			);
			runOnlyForDeploymentPostprocessing = 0;
		};
		5F98A8A324B0193900723E9E /* Resources */ = {
			isa = PBXResourcesBuildPhase;
			buildActionMask = 2147483647;
			files = (
			);
			runOnlyForDeploymentPostprocessing = 0;
		};
		5F98A8AE24B0193900723E9E /* Resources */ = {
			isa = PBXResourcesBuildPhase;
			buildActionMask = 2147483647;
			files = (
			);
			runOnlyForDeploymentPostprocessing = 0;
		};
/* End PBXResourcesBuildPhase section */

/* Begin PBXSourcesBuildPhase section */
		5F98A88B24B0193900723E9E /* Sources */ = {
			isa = PBXSourcesBuildPhase;
			buildActionMask = 2147483647;
			files = (
				5F98A89324B0193900723E9E /* AppDelegate.swift in Sources */,
				5FCB95C724D2385800AF7A62 /* Color.swift in Sources */,
				5F98A8C324B0195C00723E9E /* ColorsViewController.swift in Sources */,
				5FCB95C924D23D0100AF7A62 /* ColorDetailViewController.swift in Sources */,
				5F98A89524B0193900723E9E /* SceneDelegate.swift in Sources */,
			);
			runOnlyForDeploymentPostprocessing = 0;
		};
		5F98A8A124B0193900723E9E /* Sources */ = {
			isa = PBXSourcesBuildPhase;
			buildActionMask = 2147483647;
			files = (
				5F98A8AA24B0193900723E9E /* ColorsTests.swift in Sources */,
			);
			runOnlyForDeploymentPostprocessing = 0;
		};
		5F98A8AC24B0193900723E9E /* Sources */ = {
			isa = PBXSourcesBuildPhase;
			buildActionMask = 2147483647;
			files = (
				5F98A8B524B0193900723E9E /* ColorsUITests.swift in Sources */,
			);
			runOnlyForDeploymentPostprocessing = 0;
		};
/* End PBXSourcesBuildPhase section */

/* Begin PBXTargetDependency section */
		5F98A8A724B0193900723E9E /* PBXTargetDependency */ = {
			isa = PBXTargetDependency;
			target = 5F98A88E24B0193900723E9E /* Colors */;
			targetProxy = 5F98A8A624B0193900723E9E /* PBXContainerItemProxy */;
		};
		5F98A8B224B0193900723E9E /* PBXTargetDependency */ = {
			isa = PBXTargetDependency;
			target = 5F98A88E24B0193900723E9E /* Colors */;
			targetProxy = 5F98A8B124B0193900723E9E /* PBXContainerItemProxy */;
		};
/* End PBXTargetDependency section */

/* Begin PBXVariantGroup section */
		5F98A89824B0193900723E9E /* Main.storyboard */ = {
			isa = PBXVariantGroup;
			children = (
				5F98A89924B0193900723E9E /* Base */,
			);
			name = Main.storyboard;
			sourceTree = "<group>";
		};
		5F98A89D24B0193900723E9E /* LaunchScreen.storyboard */ = {
			isa = PBXVariantGroup;
			children = (
				5F98A89E24B0193900723E9E /* Base */,
			);
			name = LaunchScreen.storyboard;
			sourceTree = "<group>";
		};
/* End PBXVariantGroup section */

/* Begin XCBuildConfiguration section */
		5F98A8B724B0193A00723E9E /* Debug */ = {
			isa = XCBuildConfiguration;
			buildSettings = {
				ALWAYS_SEARCH_USER_PATHS = NO;
				CLANG_ANALYZER_NONNULL = YES;
				CLANG_ANALYZER_NUMBER_OBJECT_CONVERSION = YES_AGGRESSIVE;
				CLANG_CXX_LANGUAGE_STANDARD = "gnu++14";
				CLANG_CXX_LIBRARY = "libc++";
				CLANG_ENABLE_MODULES = YES;
				CLANG_ENABLE_OBJC_ARC = YES;
				CLANG_ENABLE_OBJC_WEAK = YES;
				CLANG_WARN_BLOCK_CAPTURE_AUTORELEASING = YES;
				CLANG_WARN_BOOL_CONVERSION = YES;
				CLANG_WARN_COMMA = YES;
				CLANG_WARN_CONSTANT_CONVERSION = YES;
				CLANG_WARN_DEPRECATED_OBJC_IMPLEMENTATIONS = YES;
				CLANG_WARN_DIRECT_OBJC_ISA_USAGE = YES_ERROR;
				CLANG_WARN_DOCUMENTATION_COMMENTS = YES;
				CLANG_WARN_EMPTY_BODY = YES;
				CLANG_WARN_ENUM_CONVERSION = YES;
				CLANG_WARN_INFINITE_RECURSION = YES;
				CLANG_WARN_INT_CONVERSION = YES;
				CLANG_WARN_NON_LITERAL_NULL_CONVERSION = YES;
				CLANG_WARN_OBJC_IMPLICIT_RETAIN_SELF = YES;
				CLANG_WARN_OBJC_LITERAL_CONVERSION = YES;
				CLANG_WARN_OBJC_ROOT_CLASS = YES_ERROR;
				CLANG_WARN_RANGE_LOOP_ANALYSIS = YES;
				CLANG_WARN_STRICT_PROTOTYPES = YES;
				CLANG_WARN_SUSPICIOUS_MOVE = YES;
				CLANG_WARN_UNGUARDED_AVAILABILITY = YES_AGGRESSIVE;
				CLANG_WARN_UNREACHABLE_CODE = YES;
				CLANG_WARN__DUPLICATE_METHOD_MATCH = YES;
				COPY_PHASE_STRIP = NO;
				DEBUG_INFORMATION_FORMAT = dwarf;
				ENABLE_STRICT_OBJC_MSGSEND = YES;
				ENABLE_TESTABILITY = YES;
				GCC_C_LANGUAGE_STANDARD = gnu11;
				GCC_DYNAMIC_NO_PIC = NO;
				GCC_NO_COMMON_BLOCKS = YES;
				GCC_OPTIMIZATION_LEVEL = 0;
				GCC_PREPROCESSOR_DEFINITIONS = (
					"DEBUG=1",
					"$(inherited)",
				);
				GCC_WARN_64_TO_32_BIT_CONVERSION = YES;
				GCC_WARN_ABOUT_RETURN_TYPE = YES_ERROR;
				GCC_WARN_UNDECLARED_SELECTOR = YES;
				GCC_WARN_UNINITIALIZED_AUTOS = YES_AGGRESSIVE;
				GCC_WARN_UNUSED_FUNCTION = YES;
				GCC_WARN_UNUSED_VARIABLE = YES;
				IPHONEOS_DEPLOYMENT_TARGET = 13.5;
				MTL_ENABLE_DEBUG_INFO = INCLUDE_SOURCE;
				MTL_FAST_MATH = YES;
				ONLY_ACTIVE_ARCH = YES;
				SDKROOT = iphoneos;
				SWIFT_ACTIVE_COMPILATION_CONDITIONS = DEBUG;
				SWIFT_OPTIMIZATION_LEVEL = "-Onone";
			};
			name = Debug;
		};
		5F98A8B824B0193A00723E9E /* Release */ = {
			isa = XCBuildConfiguration;
			buildSettings = {
				ALWAYS_SEARCH_USER_PATHS = NO;
				CLANG_ANALYZER_NONNULL = YES;
				CLANG_ANALYZER_NUMBER_OBJECT_CONVERSION = YES_AGGRESSIVE;
				CLANG_CXX_LANGUAGE_STANDARD = "gnu++14";
				CLANG_CXX_LIBRARY = "libc++";
				CLANG_ENABLE_MODULES = YES;
				CLANG_ENABLE_OBJC_ARC = YES;
				CLANG_ENABLE_OBJC_WEAK = YES;
				CLANG_WARN_BLOCK_CAPTURE_AUTORELEASING = YES;
				CLANG_WARN_BOOL_CONVERSION = YES;
				CLANG_WARN_COMMA = YES;
				CLANG_WARN_CONSTANT_CONVERSION = YES;
				CLANG_WARN_DEPRECATED_OBJC_IMPLEMENTATIONS = YES;
				CLANG_WARN_DIRECT_OBJC_ISA_USAGE = YES_ERROR;
				CLANG_WARN_DOCUMENTATION_COMMENTS = YES;
				CLANG_WARN_EMPTY_BODY = YES;
				CLANG_WARN_ENUM_CONVERSION = YES;
				CLANG_WARN_INFINITE_RECURSION = YES;
				CLANG_WARN_INT_CONVERSION = YES;
				CLANG_WARN_NON_LITERAL_NULL_CONVERSION = YES;
				CLANG_WARN_OBJC_IMPLICIT_RETAIN_SELF = YES;
				CLANG_WARN_OBJC_LITERAL_CONVERSION = YES;
				CLANG_WARN_OBJC_ROOT_CLASS = YES_ERROR;
				CLANG_WARN_RANGE_LOOP_ANALYSIS = YES;
				CLANG_WARN_STRICT_PROTOTYPES = YES;
				CLANG_WARN_SUSPICIOUS_MOVE = YES;
				CLANG_WARN_UNGUARDED_AVAILABILITY = YES_AGGRESSIVE;
				CLANG_WARN_UNREACHABLE_CODE = YES;
				CLANG_WARN__DUPLICATE_METHOD_MATCH = YES;
				COPY_PHASE_STRIP = NO;
				DEBUG_INFORMATION_FORMAT = "dwarf-with-dsym";
				ENABLE_NS_ASSERTIONS = NO;
				ENABLE_STRICT_OBJC_MSGSEND = YES;
				GCC_C_LANGUAGE_STANDARD = gnu11;
				GCC_NO_COMMON_BLOCKS = YES;
				GCC_WARN_64_TO_32_BIT_CONVERSION = YES;
				GCC_WARN_ABOUT_RETURN_TYPE = YES_ERROR;
				GCC_WARN_UNDECLARED_SELECTOR = YES;
				GCC_WARN_UNINITIALIZED_AUTOS = YES_AGGRESSIVE;
				GCC_WARN_UNUSED_FUNCTION = YES;
				GCC_WARN_UNUSED_VARIABLE = YES;
				IPHONEOS_DEPLOYMENT_TARGET = 13.5;
				MTL_ENABLE_DEBUG_INFO = NO;
				MTL_FAST_MATH = YES;
				SDKROOT = iphoneos;
				SWIFT_COMPILATION_MODE = wholemodule;
				SWIFT_OPTIMIZATION_LEVEL = "-O";
				VALIDATE_PRODUCT = YES;
			};
			name = Release;
		};
		5F98A8BA24B0193A00723E9E /* Debug */ = {
			isa = XCBuildConfiguration;
			buildSettings = {
				ASSETCATALOG_COMPILER_APPICON_NAME = AppIcon;
				CODE_SIGN_STYLE = Automatic;
				INFOPLIST_FILE = Colors/Info.plist;
				LD_RUNPATH_SEARCH_PATHS = (
					"$(inherited)",
					"@executable_path/Frameworks",
				);
				PRODUCT_BUNDLE_IDENTIFIER = jcmq6b.Colors;
				PRODUCT_NAME = "$(TARGET_NAME)";
				SWIFT_VERSION = 5.0;
				TARGETED_DEVICE_FAMILY = "1,2";
			};
			name = Debug;
		};
		5F98A8BB24B0193A00723E9E /* Release */ = {
			isa = XCBuildConfiguration;
			buildSettings = {
				ASSETCATALOG_COMPILER_APPICON_NAME = AppIcon;
				CODE_SIGN_STYLE = Automatic;
				INFOPLIST_FILE = Colors/Info.plist;
				LD_RUNPATH_SEARCH_PATHS = (
					"$(inherited)",
					"@executable_path/Frameworks",
				);
				PRODUCT_BUNDLE_IDENTIFIER = jcmq6b.Colors;
				PRODUCT_NAME = "$(TARGET_NAME)";
				SWIFT_VERSION = 5.0;
				TARGETED_DEVICE_FAMILY = "1,2";
			};
			name = Release;
		};
		5F98A8BD24B0193A00723E9E /* Debug */ = {
			isa = XCBuildConfiguration;
			buildSettings = {
				ALWAYS_EMBED_SWIFT_STANDARD_LIBRARIES = YES;
				BUNDLE_LOADER = "$(TEST_HOST)";
				CODE_SIGN_STYLE = Automatic;
				INFOPLIST_FILE = ColorsTests/Info.plist;
				IPHONEOS_DEPLOYMENT_TARGET = 13.5;
				LD_RUNPATH_SEARCH_PATHS = (
					"$(inherited)",
					"@executable_path/Frameworks",
					"@loader_path/Frameworks",
				);
				PRODUCT_BUNDLE_IDENTIFIER = jcmq6b.ColorsTests;
				PRODUCT_NAME = "$(TARGET_NAME)";
				SWIFT_VERSION = 5.0;
				TARGETED_DEVICE_FAMILY = "1,2";
				TEST_HOST = "$(BUILT_PRODUCTS_DIR)/Colors.app/Colors";
			};
			name = Debug;
		};
		5F98A8BE24B0193A00723E9E /* Release */ = {
			isa = XCBuildConfiguration;
			buildSettings = {
				ALWAYS_EMBED_SWIFT_STANDARD_LIBRARIES = YES;
				BUNDLE_LOADER = "$(TEST_HOST)";
				CODE_SIGN_STYLE = Automatic;
				INFOPLIST_FILE = ColorsTests/Info.plist;
				IPHONEOS_DEPLOYMENT_TARGET = 13.5;
				LD_RUNPATH_SEARCH_PATHS = (
					"$(inherited)",
					"@executable_path/Frameworks",
					"@loader_path/Frameworks",
				);
				PRODUCT_BUNDLE_IDENTIFIER = jcmq6b.ColorsTests;
				PRODUCT_NAME = "$(TARGET_NAME)";
				SWIFT_VERSION = 5.0;
				TARGETED_DEVICE_FAMILY = "1,2";
				TEST_HOST = "$(BUILT_PRODUCTS_DIR)/Colors.app/Colors";
			};
			name = Release;
		};
		5F98A8C024B0193A00723E9E /* Debug */ = {
			isa = XCBuildConfiguration;
			buildSettings = {
				ALWAYS_EMBED_SWIFT_STANDARD_LIBRARIES = YES;
				CODE_SIGN_STYLE = Automatic;
				INFOPLIST_FILE = ColorsUITests/Info.plist;
				LD_RUNPATH_SEARCH_PATHS = (
					"$(inherited)",
					"@executable_path/Frameworks",
					"@loader_path/Frameworks",
				);
				PRODUCT_BUNDLE_IDENTIFIER = jcmq6b.ColorsUITests;
				PRODUCT_NAME = "$(TARGET_NAME)";
				SWIFT_VERSION = 5.0;
				TARGETED_DEVICE_FAMILY = "1,2";
				TEST_TARGET_NAME = Colors;
			};
			name = Debug;
		};
		5F98A8C124B0193A00723E9E /* Release */ = {
			isa = XCBuildConfiguration;
			buildSettings = {
				ALWAYS_EMBED_SWIFT_STANDARD_LIBRARIES = YES;
				CODE_SIGN_STYLE = Automatic;
				INFOPLIST_FILE = ColorsUITests/Info.plist;
				LD_RUNPATH_SEARCH_PATHS = (
					"$(inherited)",
					"@executable_path/Frameworks",
					"@loader_path/Frameworks",
				);
				PRODUCT_BUNDLE_IDENTIFIER = jcmq6b.ColorsUITests;
				PRODUCT_NAME = "$(TARGET_NAME)";
				SWIFT_VERSION = 5.0;
				TARGETED_DEVICE_FAMILY = "1,2";
				TEST_TARGET_NAME = Colors;
			};
			name = Release;
		};
/* End XCBuildConfiguration section */

/* Begin XCConfigurationList section */
		5F98A88A24B0193800723E9E /* Build configuration list for PBXProject "Colors" */ = {
			isa = XCConfigurationList;
			buildConfigurations = (
				5F98A8B724B0193A00723E9E /* Debug */,
				5F98A8B824B0193A00723E9E /* Release */,
			);
			defaultConfigurationIsVisible = 0;
			defaultConfigurationName = Release;
		};
		5F98A8B924B0193A00723E9E /* Build configuration list for PBXNativeTarget "Colors" */ = {
			isa = XCConfigurationList;
			buildConfigurations = (
				5F98A8BA24B0193A00723E9E /* Debug */,
				5F98A8BB24B0193A00723E9E /* Release */,
			);
			defaultConfigurationIsVisible = 0;
			defaultConfigurationName = Release;
		};
		5F98A8BC24B0193A00723E9E /* Build configuration list for PBXNativeTarget "ColorsTests" */ = {
			isa = XCConfigurationList;
			buildConfigurations = (
				5F98A8BD24B0193A00723E9E /* Debug */,
				5F98A8BE24B0193A00723E9E /* Release */,
			);
			defaultConfigurationIsVisible = 0;
			defaultConfigurationName = Release;
		};
		5F98A8BF24B0193A00723E9E /* Build configuration list for PBXNativeTarget "ColorsUITests" */ = {
			isa = XCConfigurationList;
			buildConfigurations = (
				5F98A8C024B0193A00723E9E /* Debug */,
				5F98A8C124B0193A00723E9E /* Release */,
			);
			defaultConfigurationIsVisible = 0;
			defaultConfigurationName = Release;
		};
/* End XCConfigurationList section */
	};
	rootObject = 5F98A88724B0193800723E9E /* Project object */;
}
