// !$*UTF8*$!
{
	archiveVersion = 1;
	classes = {
	};
	objectVersion = 50;
	objects = {

/* Begin PBXBuildFile section */
		5F98A81724A5E3A800723E9E /* AppDelegate.swift in Sources */ = {isa = PBXBuildFile; fileRef = 5F98A81624A5E3A800723E9E /* AppDelegate.swift */; };
		5F98A81924A5E3A800723E9E /* SceneDelegate.swift in Sources */ = {isa = PBXBuildFile; fileRef = 5F98A81824A5E3A800723E9E /* SceneDelegate.swift */; };
		5F98A81E24A5E3A800723E9E /* Main.storyboard in Resources */ = {isa = PBXBuildFile; fileRef = 5F98A81C24A5E3A800723E9E /* Main.storyboard */; };
		5F98A82024A5E3AB00723E9E /* Assets.xcassets in Resources */ = {isa = PBXBuildFile; fileRef = 5F98A81F24A5E3AB00723E9E /* Assets.xcassets */; };
		5F98A82324A5E3AB00723E9E /* LaunchScreen.storyboard in Resources */ = {isa = PBXBuildFile; fileRef = 5F98A82124A5E3AB00723E9E /* LaunchScreen.storyboard */; };
		5F98A82E24A5E3AB00723E9E /* Hello_WorldTests.swift in Sources */ = {isa = PBXBuildFile; fileRef = 5F98A82D24A5E3AB00723E9E /* Hello_WorldTests.swift */; };
		5F98A83924A5E3AB00723E9E /* Hello_WorldUITests.swift in Sources */ = {isa = PBXBuildFile; fileRef = 5F98A83824A5E3AB00723E9E /* Hello_WorldUITests.swift */; };
		5F98A84724A5E8F700723E9E /* HelloWorldViewController.swift in Sources */ = {isa = PBXBuildFile; fileRef = 5F98A84624A5E8F700723E9E /* HelloWorldViewController.swift */; };
/* End PBXBuildFile section */

/* Begin PBXContainerItemProxy section */
		5F98A82A24A5E3AB00723E9E /* PBXContainerItemProxy */ = {
			isa = PBXContainerItemProxy;
			containerPortal = 5F98A80B24A5E3A800723E9E /* Project object */;
			proxyType = 1;
			remoteGlobalIDString = 5F98A81224A5E3A800723E9E;
			remoteInfo = "Hello World";
		};
		5F98A83524A5E3AB00723E9E /* PBXContainerItemProxy */ = {
			isa = PBXContainerItemProxy;
			containerPortal = 5F98A80B24A5E3A800723E9E /* Project object */;
			proxyType = 1;
			remoteGlobalIDString = 5F98A81224A5E3A800723E9E;
			remoteInfo = "Hello World";
		};
/* End PBXContainerItemProxy section */

/* Begin PBXFileReference section */
		5F98A81324A5E3A800723E9E /* Hello World.app */ = {isa = PBXFileReference; explicitFileType = wrapper.application; includeInIndex = 0; path = "Hello World.app"; sourceTree = BUILT_PRODUCTS_DIR; };
		5F98A81624A5E3A800723E9E /* AppDelegate.swift */ = {isa = PBXFileReference; lastKnownFileType = sourcecode.swift; path = AppDelegate.swift; sourceTree = "<group>"; };
		5F98A81824A5E3A800723E9E /* SceneDelegate.swift */ = {isa = PBXFileReference; lastKnownFileType = sourcecode.swift; path = SceneDelegate.swift; sourceTree = "<group>"; };
		5F98A81D24A5E3A800723E9E /* Base */ = {isa = PBXFileReference; lastKnownFileType = file.storyboard; name = Base; path = Base.lproj/Main.storyboard; sourceTree = "<group>"; };
		5F98A81F24A5E3AB00723E9E /* Assets.xcassets */ = {isa = PBXFileReference; lastKnownFileType = folder.assetcatalog; path = Assets.xcassets; sourceTree = "<group>"; };
		5F98A82224A5E3AB00723E9E /* Base */ = {isa = PBXFileReference; lastKnownFileType = file.storyboard; name = Base; path = Base.lproj/LaunchScreen.storyboard; sourceTree = "<group>"; };
		5F98A82424A5E3AB00723E9E /* Info.plist */ = {isa = PBXFileReference; lastKnownFileType = text.plist.xml; path = Info.plist; sourceTree = "<group>"; };
		5F98A82924A5E3AB00723E9E /* Hello WorldTests.xctest */ = {isa = PBXFileReference; explicitFileType = wrapper.cfbundle; includeInIndex = 0; path = "Hello WorldTests.xctest"; sourceTree = BUILT_PRODUCTS_DIR; };
		5F98A82D24A5E3AB00723E9E /* Hello_WorldTests.swift */ = {isa = PBXFileReference; lastKnownFileType = sourcecode.swift; path = Hello_WorldTests.swift; sourceTree = "<group>"; };
		5F98A82F24A5E3AB00723E9E /* Info.plist */ = {isa = PBXFileReference; lastKnownFileType = text.plist.xml; path = Info.plist; sourceTree = "<group>"; };
		5F98A83424A5E3AB00723E9E /* Hello WorldUITests.xctest */ = {isa = PBXFileReference; explicitFileType = wrapper.cfbundle; includeInIndex = 0; path = "Hello WorldUITests.xctest"; sourceTree = BUILT_PRODUCTS_DIR; };
		5F98A83824A5E3AB00723E9E /* Hello_WorldUITests.swift */ = {isa = PBXFileReference; lastKnownFileType = sourcecode.swift; path = Hello_WorldUITests.swift; sourceTree = "<group>"; };
		5F98A83A24A5E3AB00723E9E /* Info.plist */ = {isa = PBXFileReference; lastKnownFileType = text.plist.xml; path = Info.plist; sourceTree = "<group>"; };
		5F98A84624A5E8F700723E9E /* HelloWorldViewController.swift */ = {isa = PBXFileReference; lastKnownFileType = sourcecode.swift; path = HelloWorldViewController.swift; sourceTree = "<group>"; };
/* End PBXFileReference section */

/* Begin PBXFrameworksBuildPhase section */
		5F98A81024A5E3A800723E9E /* Frameworks */ = {
			isa = PBXFrameworksBuildPhase;
			buildActionMask = 2147483647;
			files = (
			);
			runOnlyForDeploymentPostprocessing = 0;
		};
		5F98A82624A5E3AB00723E9E /* Frameworks */ = {
			isa = PBXFrameworksBuildPhase;
			buildActionMask = 2147483647;
			files = (
			);
			runOnlyForDeploymentPostprocessing = 0;
		};
		5F98A83124A5E3AB00723E9E /* Frameworks */ = {
			isa = PBXFrameworksBuildPhase;
			buildActionMask = 2147483647;
			files = (
			);
			runOnlyForDeploymentPostprocessing = 0;
		};
/* End PBXFrameworksBuildPhase section */

/* Begin PBXGroup section */
		5F98A80A24A5E3A800723E9E = {
			isa = PBXGroup;
			children = (
				5F98A81524A5E3A800723E9E /* Hello World */,
				5F98A82C24A5E3AB00723E9E /* Hello WorldTests */,
				5F98A83724A5E3AB00723E9E /* Hello WorldUITests */,
				5F98A81424A5E3A800723E9E /* Products */,
			);
			sourceTree = "<group>";
		};
		5F98A81424A5E3A800723E9E /* Products */ = {
			isa = PBXGroup;
			children = (
				5F98A81324A5E3A800723E9E /* Hello World.app */,
				5F98A82924A5E3AB00723E9E /* Hello WorldTests.xctest */,
				5F98A83424A5E3AB00723E9E /* Hello WorldUITests.xctest */,
			);
			name = Products;
			sourceTree = "<group>";
		};
		5F98A81524A5E3A800723E9E /* Hello World */ = {
			isa = PBXGroup;
			children = (
				5F98A81624A5E3A800723E9E /* AppDelegate.swift */,
				5F98A81824A5E3A800723E9E /* SceneDelegate.swift */,
				5F98A81C24A5E3A800723E9E /* Main.storyboard */,
				5F98A81F24A5E3AB00723E9E /* Assets.xcassets */,
				5F98A82124A5E3AB00723E9E /* LaunchScreen.storyboard */,
				5F98A82424A5E3AB00723E9E /* Info.plist */,
				5F98A84624A5E8F700723E9E /* HelloWorldViewController.swift */,
			);
			path = "Hello World";
			sourceTree = "<group>";
		};
		5F98A82C24A5E3AB00723E9E /* Hello WorldTests */ = {
			isa = PBXGroup;
			children = (
				5F98A82D24A5E3AB00723E9E /* Hello_WorldTests.swift */,
				5F98A82F24A5E3AB00723E9E /* Info.plist */,
			);
			path = "Hello WorldTests";
			sourceTree = "<group>";
		};
		5F98A83724A5E3AB00723E9E /* Hello WorldUITests */ = {
			isa = PBXGroup;
			children = (
				5F98A83824A5E3AB00723E9E /* Hello_WorldUITests.swift */,
				5F98A83A24A5E3AB00723E9E /* Info.plist */,
			);
			path = "Hello WorldUITests";
			sourceTree = "<group>";
		};
/* End PBXGroup section */

/* Begin PBXNativeTarget section */
		5F98A81224A5E3A800723E9E /* Hello World */ = {
			isa = PBXNativeTarget;
			buildConfigurationList = 5F98A83D24A5E3AB00723E9E /* Build configuration list for PBXNativeTarget "Hello World" */;
			buildPhases = (
				5F98A80F24A5E3A800723E9E /* Sources */,
				5F98A81024A5E3A800723E9E /* Frameworks */,
				5F98A81124A5E3A800723E9E /* Resources */,
			);
			buildRules = (
			);
			dependencies = (
			);
			name = "Hello World";
			productName = "Hello World";
			productReference = 5F98A81324A5E3A800723E9E /* Hello World.app */;
			productType = "com.apple.product-type.application";
		};
		5F98A82824A5E3AB00723E9E /* Hello WorldTests */ = {
			isa = PBXNativeTarget;
			buildConfigurationList = 5F98A84024A5E3AB00723E9E /* Build configuration list for PBXNativeTarget "Hello WorldTests" */;
			buildPhases = (
				5F98A82524A5E3AB00723E9E /* Sources */,
				5F98A82624A5E3AB00723E9E /* Frameworks */,
				5F98A82724A5E3AB00723E9E /* Resources */,
			);
			buildRules = (
			);
			dependencies = (
				5F98A82B24A5E3AB00723E9E /* PBXTargetDependency */,
			);
			name = "Hello WorldTests";
			productName = "Hello WorldTests";
			productReference = 5F98A82924A5E3AB00723E9E /* Hello WorldTests.xctest */;
			productType = "com.apple.product-type.bundle.unit-test";
		};
		5F98A83324A5E3AB00723E9E /* Hello WorldUITests */ = {
			isa = PBXNativeTarget;
			buildConfigurationList = 5F98A84324A5E3AB00723E9E /* Build configuration list for PBXNativeTarget "Hello WorldUITests" */;
			buildPhases = (
				5F98A83024A5E3AB00723E9E /* Sources */,
				5F98A83124A5E3AB00723E9E /* Frameworks */,
				5F98A83224A5E3AB00723E9E /* Resources */,
			);
			buildRules = (
			);
			dependencies = (
				5F98A83624A5E3AB00723E9E /* PBXTargetDependency */,
			);
			name = "Hello WorldUITests";
			productName = "Hello WorldUITests";
			productReference = 5F98A83424A5E3AB00723E9E /* Hello WorldUITests.xctest */;
			productType = "com.apple.product-type.bundle.ui-testing";
		};
/* End PBXNativeTarget section */

/* Begin PBXProject section */
		5F98A80B24A5E3A800723E9E /* Project object */ = {
			isa = PBXProject;
			attributes = {
				LastSwiftUpdateCheck = 1150;
				LastUpgradeCheck = 1150;
				ORGANIZATIONNAME = "Jessica Murphey";
				TargetAttributes = {
					5F98A81224A5E3A800723E9E = {
						CreatedOnToolsVersion = 11.5;
					};
					5F98A82824A5E3AB00723E9E = {
						CreatedOnToolsVersion = 11.5;
						TestTargetID = 5F98A81224A5E3A800723E9E;
					};
					5F98A83324A5E3AB00723E9E = {
						CreatedOnToolsVersion = 11.5;
						TestTargetID = 5F98A81224A5E3A800723E9E;
					};
				};
			};
			buildConfigurationList = 5F98A80E24A5E3A800723E9E /* Build configuration list for PBXProject "Hello World" */;
			compatibilityVersion = "Xcode 9.3";
			developmentRegion = en;
			hasScannedForEncodings = 0;
			knownRegions = (
				en,
				Base,
			);
			mainGroup = 5F98A80A24A5E3A800723E9E;
			productRefGroup = 5F98A81424A5E3A800723E9E /* Products */;
			projectDirPath = "";
			projectRoot = "";
			targets = (
				5F98A81224A5E3A800723E9E /* Hello World */,
				5F98A82824A5E3AB00723E9E /* Hello WorldTests */,
				5F98A83324A5E3AB00723E9E /* Hello WorldUITests */,
			);
		};
/* End PBXProject section */

/* Begin PBXResourcesBuildPhase section */
		5F98A81124A5E3A800723E9E /* Resources */ = {
			isa = PBXResourcesBuildPhase;
			buildActionMask = 2147483647;
			files = (
				5F98A82324A5E3AB00723E9E /* LaunchScreen.storyboard in Resources */,
				5F98A82024A5E3AB00723E9E /* Assets.xcassets in Resources */,
				5F98A81E24A5E3A800723E9E /* Main.storyboard in Resources */,
			);
			runOnlyForDeploymentPostprocessing = 0;
		};
		5F98A82724A5E3AB00723E9E /* Resources */ = {
			isa = PBXResourcesBuildPhase;
			buildActionMask = 2147483647;
			files = (
			);
			runOnlyForDeploymentPostprocessing = 0;
		};
		5F98A83224A5E3AB00723E9E /* Resources */ = {
			isa = PBXResourcesBuildPhase;
			buildActionMask = 2147483647;
			files = (
			);
			runOnlyForDeploymentPostprocessing = 0;
		};
/* End PBXResourcesBuildPhase section */

/* Begin PBXSourcesBuildPhase section */
		5F98A80F24A5E3A800723E9E /* Sources */ = {
			isa = PBXSourcesBuildPhase;
			buildActionMask = 2147483647;
			files = (
				5F98A81724A5E3A800723E9E /* AppDelegate.swift in Sources */,
				5F98A81924A5E3A800723E9E /* SceneDelegate.swift in Sources */,
				5F98A84724A5E8F700723E9E /* HelloWorldViewController.swift in Sources */,
			);
			runOnlyForDeploymentPostprocessing = 0;
		};
		5F98A82524A5E3AB00723E9E /* Sources */ = {
			isa = PBXSourcesBuildPhase;
			buildActionMask = 2147483647;
			files = (
				5F98A82E24A5E3AB00723E9E /* Hello_WorldTests.swift in Sources */,
			);
			runOnlyForDeploymentPostprocessing = 0;
		};
		5F98A83024A5E3AB00723E9E /* Sources */ = {
			isa = PBXSourcesBuildPhase;
			buildActionMask = 2147483647;
			files = (
				5F98A83924A5E3AB00723E9E /* Hello_WorldUITests.swift in Sources */,
			);
			runOnlyForDeploymentPostprocessing = 0;
		};
/* End PBXSourcesBuildPhase section */

/* Begin PBXTargetDependency section */
		5F98A82B24A5E3AB00723E9E /* PBXTargetDependency */ = {
			isa = PBXTargetDependency;
			target = 5F98A81224A5E3A800723E9E /* Hello World */;
			targetProxy = 5F98A82A24A5E3AB00723E9E /* PBXContainerItemProxy */;
		};
		5F98A83624A5E3AB00723E9E /* PBXTargetDependency */ = {
			isa = PBXTargetDependency;
			target = 5F98A81224A5E3A800723E9E /* Hello World */;
			targetProxy = 5F98A83524A5E3AB00723E9E /* PBXContainerItemProxy */;
		};
/* End PBXTargetDependency section */

/* Begin PBXVariantGroup section */
		5F98A81C24A5E3A800723E9E /* Main.storyboard */ = {
			isa = PBXVariantGroup;
			children = (
				5F98A81D24A5E3A800723E9E /* Base */,
			);
			name = Main.storyboard;
			sourceTree = "<group>";
		};
		5F98A82124A5E3AB00723E9E /* LaunchScreen.storyboard */ = {
			isa = PBXVariantGroup;
			children = (
				5F98A82224A5E3AB00723E9E /* Base */,
			);
			name = LaunchScreen.storyboard;
			sourceTree = "<group>";
		};
/* End PBXVariantGroup section */

/* Begin XCBuildConfiguration section */
		5F98A83B24A5E3AB00723E9E /* Debug */ = {
			isa = XCBuildConfiguration;
			buildSettings = {
				ALWAYS_SEARCH_USER_PATHS = NO;
				CLANG_ANALYZER_NONNULL = YES;
				CLANG_ANALYZER_NUMBER_OBJECT_CONVERSION = YES_AGGRESSIVE;
				CLANG_CXX_LANGUAGE_STANDARD = "gnu++14";
				CLANG_CXX_LIBRARY = "libc++";
				CLANG_ENABLE_MODULES = YES;
				CLANG_ENABLE_OBJC_ARC = YES;
				CLANG_ENABLE_OBJC_WEAK = YES;
				CLANG_WARN_BLOCK_CAPTURE_AUTORELEASING = YES;
				CLANG_WARN_BOOL_CONVERSION = YES;
				CLANG_WARN_COMMA = YES;
				CLANG_WARN_CONSTANT_CONVERSION = YES;
				CLANG_WARN_DEPRECATED_OBJC_IMPLEMENTATIONS = YES;
				CLANG_WARN_DIRECT_OBJC_ISA_USAGE = YES_ERROR;
				CLANG_WARN_DOCUMENTATION_COMMENTS = YES;
				CLANG_WARN_EMPTY_BODY = YES;
				CLANG_WARN_ENUM_CONVERSION = YES;
				CLANG_WARN_INFINITE_RECURSION = YES;
				CLANG_WARN_INT_CONVERSION = YES;
				CLANG_WARN_NON_LITERAL_NULL_CONVERSION = YES;
				CLANG_WARN_OBJC_IMPLICIT_RETAIN_SELF = YES;
				CLANG_WARN_OBJC_LITERAL_CONVERSION = YES;
				CLANG_WARN_OBJC_ROOT_CLASS = YES_ERROR;
				CLANG_WARN_RANGE_LOOP_ANALYSIS = YES;
				CLANG_WARN_STRICT_PROTOTYPES = YES;
				CLANG_WARN_SUSPICIOUS_MOVE = YES;
				CLANG_WARN_UNGUARDED_AVAILABILITY = YES_AGGRESSIVE;
				CLANG_WARN_UNREACHABLE_CODE = YES;
				CLANG_WARN__DUPLICATE_METHOD_MATCH = YES;
				COPY_PHASE_STRIP = NO;
				DEBUG_INFORMATION_FORMAT = dwarf;
				ENABLE_STRICT_OBJC_MSGSEND = YES;
				ENABLE_TESTABILITY = YES;
				GCC_C_LANGUAGE_STANDARD = gnu11;
				GCC_DYNAMIC_NO_PIC = NO;
				GCC_NO_COMMON_BLOCKS = YES;
				GCC_OPTIMIZATION_LEVEL = 0;
				GCC_PREPROCESSOR_DEFINITIONS = (
					"DEBUG=1",
					"$(inherited)",
				);
				GCC_WARN_64_TO_32_BIT_CONVERSION = YES;
				GCC_WARN_ABOUT_RETURN_TYPE = YES_ERROR;
				GCC_WARN_UNDECLARED_SELECTOR = YES;
				GCC_WARN_UNINITIALIZED_AUTOS = YES_AGGRESSIVE;
				GCC_WARN_UNUSED_FUNCTION = YES;
				GCC_WARN_UNUSED_VARIABLE = YES;
				IPHONEOS_DEPLOYMENT_TARGET = 13.5;
				MTL_ENABLE_DEBUG_INFO = INCLUDE_SOURCE;
				MTL_FAST_MATH = YES;
				ONLY_ACTIVE_ARCH = YES;
				SDKROOT = iphoneos;
				SWIFT_ACTIVE_COMPILATION_CONDITIONS = DEBUG;
				SWIFT_OPTIMIZATION_LEVEL = "-Onone";
			};
			name = Debug;
		};
		5F98A83C24A5E3AB00723E9E /* Release */ = {
			isa = XCBuildConfiguration;
			buildSettings = {
				ALWAYS_SEARCH_USER_PATHS = NO;
				CLANG_ANALYZER_NONNULL = YES;
				CLANG_ANALYZER_NUMBER_OBJECT_CONVERSION = YES_AGGRESSIVE;
				CLANG_CXX_LANGUAGE_STANDARD = "gnu++14";
				CLANG_CXX_LIBRARY = "libc++";
				CLANG_ENABLE_MODULES = YES;
				CLANG_ENABLE_OBJC_ARC = YES;
				CLANG_ENABLE_OBJC_WEAK = YES;
				CLANG_WARN_BLOCK_CAPTURE_AUTORELEASING = YES;
				CLANG_WARN_BOOL_CONVERSION = YES;
				CLANG_WARN_COMMA = YES;
				CLANG_WARN_CONSTANT_CONVERSION = YES;
				CLANG_WARN_DEPRECATED_OBJC_IMPLEMENTATIONS = YES;
				CLANG_WARN_DIRECT_OBJC_ISA_USAGE = YES_ERROR;
				CLANG_WARN_DOCUMENTATION_COMMENTS = YES;
				CLANG_WARN_EMPTY_BODY = YES;
				CLANG_WARN_ENUM_CONVERSION = YES;
				CLANG_WARN_INFINITE_RECURSION = YES;
				CLANG_WARN_INT_CONVERSION = YES;
				CLANG_WARN_NON_LITERAL_NULL_CONVERSION = YES;
				CLANG_WARN_OBJC_IMPLICIT_RETAIN_SELF = YES;
				CLANG_WARN_OBJC_LITERAL_CONVERSION = YES;
				CLANG_WARN_OBJC_ROOT_CLASS = YES_ERROR;
				CLANG_WARN_RANGE_LOOP_ANALYSIS = YES;
				CLANG_WARN_STRICT_PROTOTYPES = YES;
				CLANG_WARN_SUSPICIOUS_MOVE = YES;
				CLANG_WARN_UNGUARDED_AVAILABILITY = YES_AGGRESSIVE;
				CLANG_WARN_UNREACHABLE_CODE = YES;
				CLANG_WARN__DUPLICATE_METHOD_MATCH = YES;
				COPY_PHASE_STRIP = NO;
				DEBUG_INFORMATION_FORMAT = "dwarf-with-dsym";
				ENABLE_NS_ASSERTIONS = NO;
				ENABLE_STRICT_OBJC_MSGSEND = YES;
				GCC_C_LANGUAGE_STANDARD = gnu11;
				GCC_NO_COMMON_BLOCKS = YES;
				GCC_WARN_64_TO_32_BIT_CONVERSION = YES;
				GCC_WARN_ABOUT_RETURN_TYPE = YES_ERROR;
				GCC_WARN_UNDECLARED_SELECTOR = YES;
				GCC_WARN_UNINITIALIZED_AUTOS = YES_AGGRESSIVE;
				GCC_WARN_UNUSED_FUNCTION = YES;
				GCC_WARN_UNUSED_VARIABLE = YES;
				IPHONEOS_DEPLOYMENT_TARGET = 13.5;
				MTL_ENABLE_DEBUG_INFO = NO;
				MTL_FAST_MATH = YES;
				SDKROOT = iphoneos;
				SWIFT_COMPILATION_MODE = wholemodule;
				SWIFT_OPTIMIZATION_LEVEL = "-O";
				VALIDATE_PRODUCT = YES;
			};
			name = Release;
		};
		5F98A83E24A5E3AB00723E9E /* Debug */ = {
			isa = XCBuildConfiguration;
			buildSettings = {
				ASSETCATALOG_COMPILER_APPICON_NAME = AppIcon;
				CODE_SIGN_STYLE = Automatic;
				INFOPLIST_FILE = "Hello World/Info.plist";
				LD_RUNPATH_SEARCH_PATHS = (
					"$(inherited)",
					"@executable_path/Frameworks",
				);
				PRODUCT_BUNDLE_IDENTIFIER = "jcmq6b.Hello-World";
				PRODUCT_NAME = "$(TARGET_NAME)";
				SWIFT_VERSION = 5.0;
				TARGETED_DEVICE_FAMILY = "1,2";
			};
			name = Debug;
		};
		5F98A83F24A5E3AB00723E9E /* Release */ = {
			isa = XCBuildConfiguration;
			buildSettings = {
				ASSETCATALOG_COMPILER_APPICON_NAME = AppIcon;
				CODE_SIGN_STYLE = Automatic;
				INFOPLIST_FILE = "Hello World/Info.plist";
				LD_RUNPATH_SEARCH_PATHS = (
					"$(inherited)",
					"@executable_path/Frameworks",
				);
				PRODUCT_BUNDLE_IDENTIFIER = "jcmq6b.Hello-World";
				PRODUCT_NAME = "$(TARGET_NAME)";
				SWIFT_VERSION = 5.0;
				TARGETED_DEVICE_FAMILY = "1,2";
			};
			name = Release;
		};
		5F98A84124A5E3AB00723E9E /* Debug */ = {
			isa = XCBuildConfiguration;
			buildSettings = {
				ALWAYS_EMBED_SWIFT_STANDARD_LIBRARIES = YES;
				BUNDLE_LOADER = "$(TEST_HOST)";
				CODE_SIGN_STYLE = Automatic;
				INFOPLIST_FILE = "Hello WorldTests/Info.plist";
				IPHONEOS_DEPLOYMENT_TARGET = 13.5;
				LD_RUNPATH_SEARCH_PATHS = (
					"$(inherited)",
					"@executable_path/Frameworks",
					"@loader_path/Frameworks",
				);
				PRODUCT_BUNDLE_IDENTIFIER = "jcmq6b.Hello-WorldTests";
				PRODUCT_NAME = "$(TARGET_NAME)";
				SWIFT_VERSION = 5.0;
				TARGETED_DEVICE_FAMILY = "1,2";
				TEST_HOST = "$(BUILT_PRODUCTS_DIR)/Hello World.app/Hello World";
			};
			name = Debug;
		};
		5F98A84224A5E3AB00723E9E /* Release */ = {
			isa = XCBuildConfiguration;
			buildSettings = {
				ALWAYS_EMBED_SWIFT_STANDARD_LIBRARIES = YES;
				BUNDLE_LOADER = "$(TEST_HOST)";
				CODE_SIGN_STYLE = Automatic;
				INFOPLIST_FILE = "Hello WorldTests/Info.plist";
				IPHONEOS_DEPLOYMENT_TARGET = 13.5;
				LD_RUNPATH_SEARCH_PATHS = (
					"$(inherited)",
					"@executable_path/Frameworks",
					"@loader_path/Frameworks",
				);
				PRODUCT_BUNDLE_IDENTIFIER = "jcmq6b.Hello-WorldTests";
				PRODUCT_NAME = "$(TARGET_NAME)";
				SWIFT_VERSION = 5.0;
				TARGETED_DEVICE_FAMILY = "1,2";
				TEST_HOST = "$(BUILT_PRODUCTS_DIR)/Hello World.app/Hello World";
			};
			name = Release;
		};
		5F98A84424A5E3AB00723E9E /* Debug */ = {
			isa = XCBuildConfiguration;
			buildSettings = {
				ALWAYS_EMBED_SWIFT_STANDARD_LIBRARIES = YES;
				CODE_SIGN_STYLE = Automatic;
				INFOPLIST_FILE = "Hello WorldUITests/Info.plist";
				LD_RUNPATH_SEARCH_PATHS = (
					"$(inherited)",
					"@executable_path/Frameworks",
					"@loader_path/Frameworks",
				);
				PRODUCT_BUNDLE_IDENTIFIER = "jcmq6b.Hello-WorldUITests";
				PRODUCT_NAME = "$(TARGET_NAME)";
				SWIFT_VERSION = 5.0;
				TARGETED_DEVICE_FAMILY = "1,2";
				TEST_TARGET_NAME = "Hello World";
			};
			name = Debug;
		};
		5F98A84524A5E3AB00723E9E /* Release */ = {
			isa = XCBuildConfiguration;
			buildSettings = {
				ALWAYS_EMBED_SWIFT_STANDARD_LIBRARIES = YES;
				CODE_SIGN_STYLE = Automatic;
				INFOPLIST_FILE = "Hello WorldUITests/Info.plist";
				LD_RUNPATH_SEARCH_PATHS = (
					"$(inherited)",
					"@executable_path/Frameworks",
					"@loader_path/Frameworks",
				);
				PRODUCT_BUNDLE_IDENTIFIER = "jcmq6b.Hello-WorldUITests";
				PRODUCT_NAME = "$(TARGET_NAME)";
				SWIFT_VERSION = 5.0;
				TARGETED_DEVICE_FAMILY = "1,2";
				TEST_TARGET_NAME = "Hello World";
			};
			name = Release;
		};
/* End XCBuildConfiguration section */

/* Begin XCConfigurationList section */
		5F98A80E24A5E3A800723E9E /* Build configuration list for PBXProject "Hello World" */ = {
			isa = XCConfigurationList;
			buildConfigurations = (
				5F98A83B24A5E3AB00723E9E /* Debug */,
				5F98A83C24A5E3AB00723E9E /* Release */,
			);
			defaultConfigurationIsVisible = 0;
			defaultConfigurationName = Release;
		};
		5F98A83D24A5E3AB00723E9E /* Build configuration list for PBXNativeTarget "Hello World" */ = {
			isa = XCConfigurationList;
			buildConfigurations = (
				5F98A83E24A5E3AB00723E9E /* Debug */,
				5F98A83F24A5E3AB00723E9E /* Release */,
			);
			defaultConfigurationIsVisible = 0;
			defaultConfigurationName = Release;
		};
		5F98A84024A5E3AB00723E9E /* Build configuration list for PBXNativeTarget "Hello WorldTests" */ = {
			isa = XCConfigurationList;
			buildConfigurations = (
				5F98A84124A5E3AB00723E9E /* Debug */,
				5F98A84224A5E3AB00723E9E /* Release */,
			);
			defaultConfigurationIsVisible = 0;
			defaultConfigurationName = Release;
		};
		5F98A84324A5E3AB00723E9E /* Build configuration list for PBXNativeTarget "Hello WorldUITests" */ = {
			isa = XCConfigurationList;
			buildConfigurations = (
				5F98A84424A5E3AB00723E9E /* Debug */,
				5F98A84524A5E3AB00723E9E /* Release */,
			);
			defaultConfigurationIsVisible = 0;
			defaultConfigurationName = Release;
		};
/* End XCConfigurationList section */
	};
	rootObject = 5F98A80B24A5E3A800723E9E /* Project object */;
}
